
Microsoft Visual Studio Solution File, Format Version 12.00
# Visual Studio Version 16
VisualStudioVersion = 16.0.29306.81
MinimumVisualStudioVersion = 10.0.40219.1
Project("{FAE04EC0-301F-11D3-BF4B-00C04F79EFBC}") = "2. ConcatenateData", "2. ConcatenateData\2. ConcatenateData.csproj", "{562E6DE3-239D-4CD3-968A-BA3165C2B57B}"
EndProject
Global
	GlobalSection(SolutionConfigurationPlatforms) = preSolution
		Debug|Any CPU = Debug|Any CPU
		Release|Any CPU = Release|Any CPU
	EndGlobalSection
	GlobalSection(ProjectConfigurationPlatforms) = postSolution
		{562E6DE3-239D-4CD3-968A-BA3165C2B57B}.Debug|Any CPU.ActiveCfg = Debug|Any CPU
		{562E6DE3-239D-4CD3-968A-BA3165C2B57B}.Debug|Any CPU.Build.0 = Debug|Any CPU
		{562E6DE3-239D-4CD3-968A-BA3165C2B57B}.Release|Any CPU.ActiveCfg = Release|Any CPU
		{562E6DE3-239D-4CD3-968A-BA3165C2B57B}.Release|Any CPU.Build.0 = Release|Any CPU
	EndGlobalSection
	GlobalSection(SolutionProperties) = preSolution
		HideSolutionNode = FALSE
	EndGlobalSection
	GlobalSection(ExtensibilityGlobals) = postSolution
		SolutionGuid = {5818C68E-9938-48EE-A679-392DBE40A288}
	EndGlobalSection
EndGlobal
