
Microsoft Visual Studio Solution File, Format Version 12.00
# Visual Studio Version 16
VisualStudioVersion = 16.0.30717.126
MinimumVisualStudioVersion = 10.0.40219.1
Project("{FAE04EC0-301F-11D3-BF4B-00C04F79EFBC}") = "Computers.Tests", "NUnitTestProject1\Computers.Tests.csproj", "{4EFAF51F-B719-49EB-BA61-2CB682F6C065}"
EndProject
Project("{FAE04EC0-301F-11D3-BF4B-00C04F79EFBC}") = "Computers", "Computers\Computers.csproj", "{4E1EE363-729B-4B34-87FF-7C19BA9C4512}"
EndProject
Global
	GlobalSection(SolutionConfigurationPlatforms) = preSolution
		Debug|Any CPU = Debug|Any CPU
		Release|Any CPU = Release|Any CPU
	EndGlobalSection
	GlobalSection(ProjectConfigurationPlatforms) = postSolution
		{4EFAF51F-B719-49EB-BA61-2CB682F6C065}.Debug|Any CPU.ActiveCfg = Debug|Any CPU
		{4EFAF51F-B719-49EB-BA61-2CB682F6C065}.Debug|Any CPU.Build.0 = Debug|Any CPU
		{4EFAF51F-B719-49EB-BA61-2CB682F6C065}.Release|Any CPU.ActiveCfg = Release|Any CPU
		{4EFAF51F-B719-49EB-BA61-2CB682F6C065}.Release|Any CPU.Build.0 = Release|Any CPU
		{4E1EE363-729B-4B34-87FF-7C19BA9C4512}.Debug|Any CPU.ActiveCfg = Debug|Any CPU
		{4E1EE363-729B-4B34-87FF-7C19BA9C4512}.Debug|Any CPU.Build.0 = Debug|Any CPU
		{4E1EE363-729B-4B34-87FF-7C19BA9C4512}.Release|Any CPU.ActiveCfg = Release|Any CPU
		{4E1EE363-729B-4B34-87FF-7C19BA9C4512}.Release|Any CPU.Build.0 = Release|Any CPU
	EndGlobalSection
	GlobalSection(SolutionProperties) = preSolution
		HideSolutionNode = FALSE
	EndGlobalSection
	GlobalSection(ExtensibilityGlobals) = postSolution
		SolutionGuid = {3A75214B-8DE4-4EA0-915F-80E530EE081B}
	EndGlobalSection
EndGlobal
