
Microsoft Visual Studio Solution File, Format Version 12.00
# Visual Studio Version 16
VisualStudioVersion = 16.0.29728.190
MinimumVisualStudioVersion = 10.0.40219.1
Project("{FAE04EC0-301F-11D3-BF4B-00C04F79EFBC}") = "01.Clock", "01.Clock\01.Clock.csproj", "{250BCD1A-6622-4DC3-8C8B-F02E14387503}"
EndProject
Project("{FAE04EC0-301F-11D3-BF4B-00C04F79EFBC}") = "02.MultiplicationTable", "..\..\12. Вложени цикли\02.MultiplicationTable\02.MultiplicationTable.csproj", "{4D144205-C276-4A27-8BFE-C99F1208A7AB}"
EndProject
Global
	GlobalSection(SolutionConfigurationPlatforms) = preSolution
		Debug|Any CPU = Debug|Any CPU
		Release|Any CPU = Release|Any CPU
	EndGlobalSection
	GlobalSection(ProjectConfigurationPlatforms) = postSolution
		{250BCD1A-6622-4DC3-8C8B-F02E14387503}.Debug|Any CPU.ActiveCfg = Debug|Any CPU
		{250BCD1A-6622-4DC3-8C8B-F02E14387503}.Debug|Any CPU.Build.0 = Debug|Any CPU
		{250BCD1A-6622-4DC3-8C8B-F02E14387503}.Release|Any CPU.ActiveCfg = Release|Any CPU
		{250BCD1A-6622-4DC3-8C8B-F02E14387503}.Release|Any CPU.Build.0 = Release|Any CPU
		{4D144205-C276-4A27-8BFE-C99F1208A7AB}.Debug|Any CPU.ActiveCfg = Debug|Any CPU
		{4D144205-C276-4A27-8BFE-C99F1208A7AB}.Debug|Any CPU.Build.0 = Debug|Any CPU
		{4D144205-C276-4A27-8BFE-C99F1208A7AB}.Release|Any CPU.ActiveCfg = Release|Any CPU
		{4D144205-C276-4A27-8BFE-C99F1208A7AB}.Release|Any CPU.Build.0 = Release|Any CPU
	EndGlobalSection
	GlobalSection(SolutionProperties) = preSolution
		HideSolutionNode = FALSE
	EndGlobalSection
	GlobalSection(ExtensibilityGlobals) = postSolution
		SolutionGuid = {F26387BA-4E6D-4090-9185-98FE43680285}
	EndGlobalSection
EndGlobal
