
Microsoft Visual Studio Solution File, Format Version 12.00
# Visual Studio Version 16
VisualStudioVersion = 16.0.30309.148
MinimumVisualStudioVersion = 10.0.40219.1
Project("{FAE04EC0-301F-11D3-BF4B-00C04F79EFBC}") = "1. Furniture", "1. Furniture\1. Furniture.csproj", "{319BA5EC-A6A8-488A-A379-33C5ED72C9A9}"
EndProject
Project("{FAE04EC0-301F-11D3-BF4B-00C04F79EFBC}") = "02. Race", "..\02. Race\02. Race.csproj", "{CAE0587A-C57E-4406-B66B-0F9CBD2E7C87}"
EndProject
Global
	GlobalSection(SolutionConfigurationPlatforms) = preSolution
		Debug|Any CPU = Debug|Any CPU
		Release|Any CPU = Release|Any CPU
	EndGlobalSection
	GlobalSection(ProjectConfigurationPlatforms) = postSolution
		{319BA5EC-A6A8-488A-A379-33C5ED72C9A9}.Debug|Any CPU.ActiveCfg = Debug|Any CPU
		{319BA5EC-A6A8-488A-A379-33C5ED72C9A9}.Debug|Any CPU.Build.0 = Debug|Any CPU
		{319BA5EC-A6A8-488A-A379-33C5ED72C9A9}.Release|Any CPU.ActiveCfg = Release|Any CPU
		{319BA5EC-A6A8-488A-A379-33C5ED72C9A9}.Release|Any CPU.Build.0 = Release|Any CPU
		{CAE0587A-C57E-4406-B66B-0F9CBD2E7C87}.Debug|Any CPU.ActiveCfg = Debug|Any CPU
		{CAE0587A-C57E-4406-B66B-0F9CBD2E7C87}.Debug|Any CPU.Build.0 = Debug|Any CPU
		{CAE0587A-C57E-4406-B66B-0F9CBD2E7C87}.Release|Any CPU.ActiveCfg = Release|Any CPU
		{CAE0587A-C57E-4406-B66B-0F9CBD2E7C87}.Release|Any CPU.Build.0 = Release|Any CPU
	EndGlobalSection
	GlobalSection(SolutionProperties) = preSolution
		HideSolutionNode = FALSE
	EndGlobalSection
	GlobalSection(ExtensibilityGlobals) = postSolution
		SolutionGuid = {B22A0ADB-0854-4A48-8571-A90A71B31294}
	EndGlobalSection
EndGlobal
