
Microsoft Visual Studio Solution File, Format Version 12.00
# Visual Studio Version 16
VisualStudioVersion = 16.0.29728.190
MinimumVisualStudioVersion = 10.0.40219.1
Project("{FAE04EC0-301F-11D3-BF4B-00C04F79EFBC}") = "05. Bomb Numbers", "05. Bomb Numbers\05. Bomb Numbers.csproj", "{2A3776AF-AEB9-4567-972B-20DC6E05DD7F}"
EndProject
Project("{FAE04EC0-301F-11D3-BF4B-00C04F79EFBC}") = "06. Card Game", "..\06. Card Game\06. Card Game.csproj", "{4128AC6D-722A-4E5C-9389-31E39A6201CF}"
EndProject
Project("{FAE04EC0-301F-11D3-BF4B-00C04F79EFBC}") = "7. Append Arrays", "..\7. Append Arrays\7. Append Arrays.csproj", "{DE8E195A-6A7F-4B7B-BCC7-4AFFBC5EA611}"
EndProject
Project("{FAE04EC0-301F-11D3-BF4B-00C04F79EFBC}") = "08. Anonymous Threat", "..\08. Anonymous Threat\08. Anonymous Threat.csproj", "{0A3D43C5-EACC-4203-BCFA-D0638CED2B8D}"
EndProject
Project("{FAE04EC0-301F-11D3-BF4B-00C04F79EFBC}") = "09. Pokemon Don't Go", "..\09. Pokemon Don't Go\09. Pokemon Don't Go.csproj", "{3ADCACE2-8820-4068-9D99-FCFE684C8078}"
EndProject
Global
	GlobalSection(SolutionConfigurationPlatforms) = preSolution
		Debug|Any CPU = Debug|Any CPU
		Release|Any CPU = Release|Any CPU
	EndGlobalSection
	GlobalSection(ProjectConfigurationPlatforms) = postSolution
		{2A3776AF-AEB9-4567-972B-20DC6E05DD7F}.Debug|Any CPU.ActiveCfg = Debug|Any CPU
		{2A3776AF-AEB9-4567-972B-20DC6E05DD7F}.Debug|Any CPU.Build.0 = Debug|Any CPU
		{2A3776AF-AEB9-4567-972B-20DC6E05DD7F}.Release|Any CPU.ActiveCfg = Release|Any CPU
		{2A3776AF-AEB9-4567-972B-20DC6E05DD7F}.Release|Any CPU.Build.0 = Release|Any CPU
		{4128AC6D-722A-4E5C-9389-31E39A6201CF}.Debug|Any CPU.ActiveCfg = Debug|Any CPU
		{4128AC6D-722A-4E5C-9389-31E39A6201CF}.Debug|Any CPU.Build.0 = Debug|Any CPU
		{4128AC6D-722A-4E5C-9389-31E39A6201CF}.Release|Any CPU.ActiveCfg = Release|Any CPU
		{4128AC6D-722A-4E5C-9389-31E39A6201CF}.Release|Any CPU.Build.0 = Release|Any CPU
		{DE8E195A-6A7F-4B7B-BCC7-4AFFBC5EA611}.Debug|Any CPU.ActiveCfg = Debug|Any CPU
		{DE8E195A-6A7F-4B7B-BCC7-4AFFBC5EA611}.Debug|Any CPU.Build.0 = Debug|Any CPU
		{DE8E195A-6A7F-4B7B-BCC7-4AFFBC5EA611}.Release|Any CPU.ActiveCfg = Release|Any CPU
		{DE8E195A-6A7F-4B7B-BCC7-4AFFBC5EA611}.Release|Any CPU.Build.0 = Release|Any CPU
		{0A3D43C5-EACC-4203-BCFA-D0638CED2B8D}.Debug|Any CPU.ActiveCfg = Debug|Any CPU
		{0A3D43C5-EACC-4203-BCFA-D0638CED2B8D}.Debug|Any CPU.Build.0 = Debug|Any CPU
		{0A3D43C5-EACC-4203-BCFA-D0638CED2B8D}.Release|Any CPU.ActiveCfg = Release|Any CPU
		{0A3D43C5-EACC-4203-BCFA-D0638CED2B8D}.Release|Any CPU.Build.0 = Release|Any CPU
		{3ADCACE2-8820-4068-9D99-FCFE684C8078}.Debug|Any CPU.ActiveCfg = Debug|Any CPU
		{3ADCACE2-8820-4068-9D99-FCFE684C8078}.Debug|Any CPU.Build.0 = Debug|Any CPU
		{3ADCACE2-8820-4068-9D99-FCFE684C8078}.Release|Any CPU.ActiveCfg = Release|Any CPU
		{3ADCACE2-8820-4068-9D99-FCFE684C8078}.Release|Any CPU.Build.0 = Release|Any CPU
	EndGlobalSection
	GlobalSection(SolutionProperties) = preSolution
		HideSolutionNode = FALSE
	EndGlobalSection
	GlobalSection(ExtensibilityGlobals) = postSolution
		SolutionGuid = {EAFF5EB3-CA29-4E31-BCDA-7ED5F0ABCE70}
	EndGlobalSection
EndGlobal
