
Microsoft Visual Studio Solution File, Format Version 12.00
# Visual Studio Version 16
VisualStudioVersion = 16.0.29728.190
MinimumVisualStudioVersion = 10.0.40219.1
Project("{9A19103F-16F7-4668-BE54-9A1E7A4F7556}") = "9. Kamino Factory", "9. Kamino Factory.csproj", "{FE3CBA39-9C76-426E-8884-5DA62E153F04}"
EndProject
Global
	GlobalSection(SolutionConfigurationPlatforms) = preSolution
		Debug|Any CPU = Debug|Any CPU
		Release|Any CPU = Release|Any CPU
	EndGlobalSection
	GlobalSection(ProjectConfigurationPlatforms) = postSolution
		{FE3CBA39-9C76-426E-8884-5DA62E153F04}.Debug|Any CPU.ActiveCfg = Debug|Any CPU
		{FE3CBA39-9C76-426E-8884-5DA62E153F04}.Debug|Any CPU.Build.0 = Debug|Any CPU
		{FE3CBA39-9C76-426E-8884-5DA62E153F04}.Release|Any CPU.ActiveCfg = Release|Any CPU
		{FE3CBA39-9C76-426E-8884-5DA62E153F04}.Release|Any CPU.Build.0 = Release|Any CPU
	EndGlobalSection
	GlobalSection(SolutionProperties) = preSolution
		HideSolutionNode = FALSE
	EndGlobalSection
	GlobalSection(ExtensibilityGlobals) = postSolution
		SolutionGuid = {40C06D28-98EA-489B-86CC-51C65A719836}
	EndGlobalSection
EndGlobal
