
Microsoft Visual Studio Solution File, Format Version 12.00
# Visual Studio Version 16
VisualStudioVersion = 16.0.29728.190
MinimumVisualStudioVersion = 10.0.40219.1
Project("{9A19103F-16F7-4668-BE54-9A1E7A4F7556}") = "07. Max Sequence of Equal Elements", "07. Max Sequence of Equal Elements.csproj", "{0DA9C781-1B7D-4487-B649-A9ECDF594CD7}"
EndProject
Project("{FAE04EC0-301F-11D3-BF4B-00C04F79EFBC}") = "08. Magic Sum", "..\08. Magic Sum\08. Magic Sum.csproj", "{A18170B2-7090-49F7-84DB-9C4E269E71C2}"
EndProject
Project("{FAE04EC0-301F-11D3-BF4B-00C04F79EFBC}") = "9. Kamino Factory", "..\9. Kamino Factory\9. Kamino Factory.csproj", "{EFA3D419-EBC0-4752-B36C-306F16A14C89}"
EndProject
Global
	GlobalSection(SolutionConfigurationPlatforms) = preSolution
		Debug|Any CPU = Debug|Any CPU
		Release|Any CPU = Release|Any CPU
	EndGlobalSection
	GlobalSection(ProjectConfigurationPlatforms) = postSolution
		{0DA9C781-1B7D-4487-B649-A9ECDF594CD7}.Debug|Any CPU.ActiveCfg = Debug|Any CPU
		{0DA9C781-1B7D-4487-B649-A9ECDF594CD7}.Debug|Any CPU.Build.0 = Debug|Any CPU
		{0DA9C781-1B7D-4487-B649-A9ECDF594CD7}.Release|Any CPU.ActiveCfg = Release|Any CPU
		{0DA9C781-1B7D-4487-B649-A9ECDF594CD7}.Release|Any CPU.Build.0 = Release|Any CPU
		{A18170B2-7090-49F7-84DB-9C4E269E71C2}.Debug|Any CPU.ActiveCfg = Debug|Any CPU
		{A18170B2-7090-49F7-84DB-9C4E269E71C2}.Debug|Any CPU.Build.0 = Debug|Any CPU
		{A18170B2-7090-49F7-84DB-9C4E269E71C2}.Release|Any CPU.ActiveCfg = Release|Any CPU
		{A18170B2-7090-49F7-84DB-9C4E269E71C2}.Release|Any CPU.Build.0 = Release|Any CPU
		{EFA3D419-EBC0-4752-B36C-306F16A14C89}.Debug|Any CPU.ActiveCfg = Debug|Any CPU
		{EFA3D419-EBC0-4752-B36C-306F16A14C89}.Debug|Any CPU.Build.0 = Debug|Any CPU
		{EFA3D419-EBC0-4752-B36C-306F16A14C89}.Release|Any CPU.ActiveCfg = Release|Any CPU
		{EFA3D419-EBC0-4752-B36C-306F16A14C89}.Release|Any CPU.Build.0 = Release|Any CPU
	EndGlobalSection
	GlobalSection(SolutionProperties) = preSolution
		HideSolutionNode = FALSE
	EndGlobalSection
	GlobalSection(ExtensibilityGlobals) = postSolution
		SolutionGuid = {502B2F9C-8BD7-498B-9234-CDE3CFA370B0}
	EndGlobalSection
EndGlobal
