
Microsoft Visual Studio Solution File, Format Version 12.00
# Visual Studio Version 16
VisualStudioVersion = 16.0.29306.81
MinimumVisualStudioVersion = 10.0.40219.1
Project("{FAE04EC0-301F-11D3-BF4B-00C04F79EFBC}") = "1.USDToBGN", "1.USDToBGN\1.USDToBGN.csproj", "{FFB32A2A-A454-459F-8655-E31602A302CA}"
EndProject
Global
	GlobalSection(SolutionConfigurationPlatforms) = preSolution
		Debug|Any CPU = Debug|Any CPU
		Release|Any CPU = Release|Any CPU
	EndGlobalSection
	GlobalSection(ProjectConfigurationPlatforms) = postSolution
		{FFB32A2A-A454-459F-8655-E31602A302CA}.Debug|Any CPU.ActiveCfg = Debug|Any CPU
		{FFB32A2A-A454-459F-8655-E31602A302CA}.Debug|Any CPU.Build.0 = Debug|Any CPU
		{FFB32A2A-A454-459F-8655-E31602A302CA}.Release|Any CPU.ActiveCfg = Release|Any CPU
		{FFB32A2A-A454-459F-8655-E31602A302CA}.Release|Any CPU.Build.0 = Release|Any CPU
	EndGlobalSection
	GlobalSection(SolutionProperties) = preSolution
		HideSolutionNode = FALSE
	EndGlobalSection
	GlobalSection(ExtensibilityGlobals) = postSolution
		SolutionGuid = {CFCA6895-AA05-4679-AE49-A51997CB0A03}
	EndGlobalSection
EndGlobal
