
Microsoft Visual Studio Solution File, Format Version 12.00
# Visual Studio Version 16
VisualStudioVersion = 16.0.30523.141
MinimumVisualStudioVersion = 10.0.40219.1
Project("{FAE04EC0-301F-11D3-BF4B-00C04F79EFBC}") = "03.Telephony", "03.Telephony\03.Telephony.csproj", "{542AD4EF-89BE-4DB5-9B1F-A2940C0EE09B}"
EndProject
Global
	GlobalSection(SolutionConfigurationPlatforms) = preSolution
		Debug|Any CPU = Debug|Any CPU
		Release|Any CPU = Release|Any CPU
	EndGlobalSection
	GlobalSection(ProjectConfigurationPlatforms) = postSolution
		{542AD4EF-89BE-4DB5-9B1F-A2940C0EE09B}.Debug|Any CPU.ActiveCfg = Debug|Any CPU
		{542AD4EF-89BE-4DB5-9B1F-A2940C0EE09B}.Debug|Any CPU.Build.0 = Debug|Any CPU
		{542AD4EF-89BE-4DB5-9B1F-A2940C0EE09B}.Release|Any CPU.ActiveCfg = Release|Any CPU
		{542AD4EF-89BE-4DB5-9B1F-A2940C0EE09B}.Release|Any CPU.Build.0 = Release|Any CPU
	EndGlobalSection
	GlobalSection(SolutionProperties) = preSolution
		HideSolutionNode = FALSE
	EndGlobalSection
	GlobalSection(ExtensibilityGlobals) = postSolution
		SolutionGuid = {E555A1DA-9886-428A-BFF0-96082C379C2F}
	EndGlobalSection
EndGlobal
