
Microsoft Visual Studio Solution File, Format Version 12.00
# Visual Studio Version 16
VisualStudioVersion = 16.0.30309.148
MinimumVisualStudioVersion = 10.0.40219.1
Project("{9A19103F-16F7-4668-BE54-9A1E7A4F7556}") = "4. Star Enigma", "4. Star Enigma\4. Star Enigma.csproj", "{F3F0B7EE-41ED-4E48-BD90-0501F9915BCD}"
EndProject
Project("{FAE04EC0-301F-11D3-BF4B-00C04F79EFBC}") = "07. String Explosion", "..\..\..\28. Text processing - Exercise\07. String Explosion\07. String Explosion.csproj", "{01FE8618-B8FE-4572-9905-60099FC65071}"
EndProject
Global
	GlobalSection(SolutionConfigurationPlatforms) = preSolution
		Debug|Any CPU = Debug|Any CPU
		Release|Any CPU = Release|Any CPU
	EndGlobalSection
	GlobalSection(ProjectConfigurationPlatforms) = postSolution
		{F3F0B7EE-41ED-4E48-BD90-0501F9915BCD}.Debug|Any CPU.ActiveCfg = Debug|Any CPU
		{F3F0B7EE-41ED-4E48-BD90-0501F9915BCD}.Debug|Any CPU.Build.0 = Debug|Any CPU
		{F3F0B7EE-41ED-4E48-BD90-0501F9915BCD}.Release|Any CPU.ActiveCfg = Release|Any CPU
		{F3F0B7EE-41ED-4E48-BD90-0501F9915BCD}.Release|Any CPU.Build.0 = Release|Any CPU
		{01FE8618-B8FE-4572-9905-60099FC65071}.Debug|Any CPU.ActiveCfg = Debug|Any CPU
		{01FE8618-B8FE-4572-9905-60099FC65071}.Debug|Any CPU.Build.0 = Debug|Any CPU
		{01FE8618-B8FE-4572-9905-60099FC65071}.Release|Any CPU.ActiveCfg = Release|Any CPU
		{01FE8618-B8FE-4572-9905-60099FC65071}.Release|Any CPU.Build.0 = Release|Any CPU
	EndGlobalSection
	GlobalSection(SolutionProperties) = preSolution
		HideSolutionNode = FALSE
	EndGlobalSection
	GlobalSection(ExtensibilityGlobals) = postSolution
		SolutionGuid = {AE6DC5BE-2C05-45A0-86BD-B2BD2B08655B}
	EndGlobalSection
EndGlobal
