
Microsoft Visual Studio Solution File, Format Version 12.00
# Visual Studio Version 16
VisualStudioVersion = 16.0.29728.190
MinimumVisualStudioVersion = 10.0.40219.1
Project("{FAE04EC0-301F-11D3-BF4B-00C04F79EFBC}") = "05.CharacterSequence", "05.CharacterSequence\05.CharacterSequence.csproj", "{F7D110C3-E670-4E7D-9263-7A19B7597C5A}"
EndProject
Project("{FAE04EC0-301F-11D3-BF4B-00C04F79EFBC}") = "06.VowelsSum", "..\06.VowelsSum\06.VowelsSum.csproj", "{12107DAA-5AD7-4836-B440-1700E845ED6B}"
EndProject
Project("{FAE04EC0-301F-11D3-BF4B-00C04F79EFBC}") = "07.SumNumbers", "..\07.SumNumbers\07.SumNumbers.csproj", "{6AE4F712-AE64-490D-A999-474FB878E2C9}"
EndProject
Project("{FAE04EC0-301F-11D3-BF4B-00C04F79EFBC}") = "08.NumberSequence", "..\08.NumberSequence\08.NumberSequence.csproj", "{D6922DE1-76AC-438E-BCC8-642ADC736E18}"
EndProject
Project("{FAE04EC0-301F-11D3-BF4B-00C04F79EFBC}") = "09.LeftAndRightSum", "..\09.LeftAndRightSum\09.LeftAndRightSum.csproj", "{2F9592F7-7AD9-442B-8DF0-A25F23C0E6C7}"
EndProject
Project("{FAE04EC0-301F-11D3-BF4B-00C04F79EFBC}") = "10.OddEvenSum", "..\10.OddEvenSum\10.OddEvenSum.csproj", "{1B0C9D48-908A-4C55-ACF4-EB9059B11CEC}"
EndProject
Project("{FAE04EC0-301F-11D3-BF4B-00C04F79EFBC}") = "11.CleverLily", "..\11.CleverLily\11.CleverLily.csproj", "{C11BF3F1-7211-4990-9685-55B209FB9801}"
EndProject
Global
	GlobalSection(SolutionConfigurationPlatforms) = preSolution
		Debug|Any CPU = Debug|Any CPU
		Release|Any CPU = Release|Any CPU
	EndGlobalSection
	GlobalSection(ProjectConfigurationPlatforms) = postSolution
		{F7D110C3-E670-4E7D-9263-7A19B7597C5A}.Debug|Any CPU.ActiveCfg = Debug|Any CPU
		{F7D110C3-E670-4E7D-9263-7A19B7597C5A}.Debug|Any CPU.Build.0 = Debug|Any CPU
		{F7D110C3-E670-4E7D-9263-7A19B7597C5A}.Release|Any CPU.ActiveCfg = Release|Any CPU
		{F7D110C3-E670-4E7D-9263-7A19B7597C5A}.Release|Any CPU.Build.0 = Release|Any CPU
		{12107DAA-5AD7-4836-B440-1700E845ED6B}.Debug|Any CPU.ActiveCfg = Debug|Any CPU
		{12107DAA-5AD7-4836-B440-1700E845ED6B}.Debug|Any CPU.Build.0 = Debug|Any CPU
		{12107DAA-5AD7-4836-B440-1700E845ED6B}.Release|Any CPU.ActiveCfg = Release|Any CPU
		{12107DAA-5AD7-4836-B440-1700E845ED6B}.Release|Any CPU.Build.0 = Release|Any CPU
		{6AE4F712-AE64-490D-A999-474FB878E2C9}.Debug|Any CPU.ActiveCfg = Debug|Any CPU
		{6AE4F712-AE64-490D-A999-474FB878E2C9}.Debug|Any CPU.Build.0 = Debug|Any CPU
		{6AE4F712-AE64-490D-A999-474FB878E2C9}.Release|Any CPU.ActiveCfg = Release|Any CPU
		{6AE4F712-AE64-490D-A999-474FB878E2C9}.Release|Any CPU.Build.0 = Release|Any CPU
		{D6922DE1-76AC-438E-BCC8-642ADC736E18}.Debug|Any CPU.ActiveCfg = Debug|Any CPU
		{D6922DE1-76AC-438E-BCC8-642ADC736E18}.Debug|Any CPU.Build.0 = Debug|Any CPU
		{D6922DE1-76AC-438E-BCC8-642ADC736E18}.Release|Any CPU.ActiveCfg = Release|Any CPU
		{D6922DE1-76AC-438E-BCC8-642ADC736E18}.Release|Any CPU.Build.0 = Release|Any CPU
		{2F9592F7-7AD9-442B-8DF0-A25F23C0E6C7}.Debug|Any CPU.ActiveCfg = Debug|Any CPU
		{2F9592F7-7AD9-442B-8DF0-A25F23C0E6C7}.Debug|Any CPU.Build.0 = Debug|Any CPU
		{2F9592F7-7AD9-442B-8DF0-A25F23C0E6C7}.Release|Any CPU.ActiveCfg = Release|Any CPU
		{2F9592F7-7AD9-442B-8DF0-A25F23C0E6C7}.Release|Any CPU.Build.0 = Release|Any CPU
		{1B0C9D48-908A-4C55-ACF4-EB9059B11CEC}.Debug|Any CPU.ActiveCfg = Debug|Any CPU
		{1B0C9D48-908A-4C55-ACF4-EB9059B11CEC}.Debug|Any CPU.Build.0 = Debug|Any CPU
		{1B0C9D48-908A-4C55-ACF4-EB9059B11CEC}.Release|Any CPU.ActiveCfg = Release|Any CPU
		{1B0C9D48-908A-4C55-ACF4-EB9059B11CEC}.Release|Any CPU.Build.0 = Release|Any CPU
		{C11BF3F1-7211-4990-9685-55B209FB9801}.Debug|Any CPU.ActiveCfg = Debug|Any CPU
		{C11BF3F1-7211-4990-9685-55B209FB9801}.Debug|Any CPU.Build.0 = Debug|Any CPU
		{C11BF3F1-7211-4990-9685-55B209FB9801}.Release|Any CPU.ActiveCfg = Release|Any CPU
		{C11BF3F1-7211-4990-9685-55B209FB9801}.Release|Any CPU.Build.0 = Release|Any CPU
	EndGlobalSection
	GlobalSection(SolutionProperties) = preSolution
		HideSolutionNode = FALSE
	EndGlobalSection
	GlobalSection(ExtensibilityGlobals) = postSolution
		SolutionGuid = {C28EA4A9-F392-4048-B294-658E90CA3005}
	EndGlobalSection
EndGlobal
