
Microsoft Visual Studio Solution File, Format Version 12.00
# Visual Studio Version 16
VisualStudioVersion = 16.0.29728.190
MinimumVisualStudioVersion = 10.0.40219.1
Project("{9A19103F-16F7-4668-BE54-9A1E7A4F7556}") = "02.HalfSumElement", "02.HalfSumElement.csproj", "{835A1A8C-9D78-45D2-956A-A830ECB43743}"
EndProject
Project("{FAE04EC0-301F-11D3-BF4B-00C04F79EFBC}") = "03.OddEvenPositions", "..\03.OddEvenPositions\03.OddEvenPositions.csproj", "{4FB8B56B-8480-476A-8274-E5F6A2FB9334}"
EndProject
Project("{FAE04EC0-301F-11D3-BF4B-00C04F79EFBC}") = "04.Histogram", "..\04.Histogram\04.Histogram.csproj", "{A28FFBD1-53E8-47A4-9304-9F353932C4BA}"
EndProject
Project("{FAE04EC0-301F-11D3-BF4B-00C04F79EFBC}") = "05.DivideWithoutRemainder", "..\05.DivideWithoutRemainder\05.DivideWithoutRemainder.csproj", "{F86B425E-797C-4E59-B9F7-DE210B60CC95}"
EndProject
Project("{FAE04EC0-301F-11D3-BF4B-00C04F79EFBC}") = "06.Salary", "..\06.Salary\06.Salary.csproj", "{4ADC7BF0-5E65-42E0-BC10-C5DEAF71DB12}"
EndProject
Global
	GlobalSection(SolutionConfigurationPlatforms) = preSolution
		Debug|Any CPU = Debug|Any CPU
		Release|Any CPU = Release|Any CPU
	EndGlobalSection
	GlobalSection(ProjectConfigurationPlatforms) = postSolution
		{835A1A8C-9D78-45D2-956A-A830ECB43743}.Debug|Any CPU.ActiveCfg = Debug|Any CPU
		{835A1A8C-9D78-45D2-956A-A830ECB43743}.Debug|Any CPU.Build.0 = Debug|Any CPU
		{835A1A8C-9D78-45D2-956A-A830ECB43743}.Release|Any CPU.ActiveCfg = Release|Any CPU
		{835A1A8C-9D78-45D2-956A-A830ECB43743}.Release|Any CPU.Build.0 = Release|Any CPU
		{4FB8B56B-8480-476A-8274-E5F6A2FB9334}.Debug|Any CPU.ActiveCfg = Debug|Any CPU
		{4FB8B56B-8480-476A-8274-E5F6A2FB9334}.Debug|Any CPU.Build.0 = Debug|Any CPU
		{4FB8B56B-8480-476A-8274-E5F6A2FB9334}.Release|Any CPU.ActiveCfg = Release|Any CPU
		{4FB8B56B-8480-476A-8274-E5F6A2FB9334}.Release|Any CPU.Build.0 = Release|Any CPU
		{A28FFBD1-53E8-47A4-9304-9F353932C4BA}.Debug|Any CPU.ActiveCfg = Debug|Any CPU
		{A28FFBD1-53E8-47A4-9304-9F353932C4BA}.Debug|Any CPU.Build.0 = Debug|Any CPU
		{A28FFBD1-53E8-47A4-9304-9F353932C4BA}.Release|Any CPU.ActiveCfg = Release|Any CPU
		{A28FFBD1-53E8-47A4-9304-9F353932C4BA}.Release|Any CPU.Build.0 = Release|Any CPU
		{F86B425E-797C-4E59-B9F7-DE210B60CC95}.Debug|Any CPU.ActiveCfg = Debug|Any CPU
		{F86B425E-797C-4E59-B9F7-DE210B60CC95}.Debug|Any CPU.Build.0 = Debug|Any CPU
		{F86B425E-797C-4E59-B9F7-DE210B60CC95}.Release|Any CPU.ActiveCfg = Release|Any CPU
		{F86B425E-797C-4E59-B9F7-DE210B60CC95}.Release|Any CPU.Build.0 = Release|Any CPU
		{4ADC7BF0-5E65-42E0-BC10-C5DEAF71DB12}.Debug|Any CPU.ActiveCfg = Debug|Any CPU
		{4ADC7BF0-5E65-42E0-BC10-C5DEAF71DB12}.Debug|Any CPU.Build.0 = Debug|Any CPU
		{4ADC7BF0-5E65-42E0-BC10-C5DEAF71DB12}.Release|Any CPU.ActiveCfg = Release|Any CPU
		{4ADC7BF0-5E65-42E0-BC10-C5DEAF71DB12}.Release|Any CPU.Build.0 = Release|Any CPU
	EndGlobalSection
	GlobalSection(SolutionProperties) = preSolution
		HideSolutionNode = FALSE
	EndGlobalSection
	GlobalSection(ExtensibilityGlobals) = postSolution
		SolutionGuid = {9192A20A-6AE3-4B24-9AAA-AE9E0BA63C13}
	EndGlobalSection
EndGlobal
