
Microsoft Visual Studio Solution File, Format Version 12.00
# Visual Studio Version 16
VisualStudioVersion = 16.0.29728.190
MinimumVisualStudioVersion = 10.0.40219.1
Project("{FAE04EC0-301F-11D3-BF4B-00C04F79EFBC}") = "1. Count Real Numbers", "1. Count Real Numbers\1. Count Real Numbers.csproj", "{9F85B614-5E64-495F-B3D0-71852D184244}"
EndProject
Project("{FAE04EC0-301F-11D3-BF4B-00C04F79EFBC}") = "2. Odd Occurrences", "..\2. Odd Occurrences\2. Odd Occurrences.csproj", "{880329D7-EA47-411C-8B8E-864A60CF02BA}"
EndProject
Project("{FAE04EC0-301F-11D3-BF4B-00C04F79EFBC}") = "3. Word Synonyms", "..\3. Word Synonyms\3. Word Synonyms.csproj", "{210243D9-7585-485A-B5FA-E1EAE2D186B5}"
EndProject
Project("{FAE04EC0-301F-11D3-BF4B-00C04F79EFBC}") = "04. Largest 3 Numbers", "..\04. Largest 3 Numbers\04. Largest 3 Numbers.csproj", "{EA6427CC-6260-489E-8CDE-CC0CB077BDAB}"
EndProject
Project("{FAE04EC0-301F-11D3-BF4B-00C04F79EFBC}") = "5. Word Filter", "..\5. Word Filter\5. Word Filter.csproj", "{E9813391-6FF7-430E-869E-65809649D06E}"
EndProject
Global
	GlobalSection(SolutionConfigurationPlatforms) = preSolution
		Debug|Any CPU = Debug|Any CPU
		Release|Any CPU = Release|Any CPU
	EndGlobalSection
	GlobalSection(ProjectConfigurationPlatforms) = postSolution
		{9F85B614-5E64-495F-B3D0-71852D184244}.Debug|Any CPU.ActiveCfg = Debug|Any CPU
		{9F85B614-5E64-495F-B3D0-71852D184244}.Debug|Any CPU.Build.0 = Debug|Any CPU
		{9F85B614-5E64-495F-B3D0-71852D184244}.Release|Any CPU.ActiveCfg = Release|Any CPU
		{9F85B614-5E64-495F-B3D0-71852D184244}.Release|Any CPU.Build.0 = Release|Any CPU
		{880329D7-EA47-411C-8B8E-864A60CF02BA}.Debug|Any CPU.ActiveCfg = Debug|Any CPU
		{880329D7-EA47-411C-8B8E-864A60CF02BA}.Debug|Any CPU.Build.0 = Debug|Any CPU
		{880329D7-EA47-411C-8B8E-864A60CF02BA}.Release|Any CPU.ActiveCfg = Release|Any CPU
		{880329D7-EA47-411C-8B8E-864A60CF02BA}.Release|Any CPU.Build.0 = Release|Any CPU
		{210243D9-7585-485A-B5FA-E1EAE2D186B5}.Debug|Any CPU.ActiveCfg = Debug|Any CPU
		{210243D9-7585-485A-B5FA-E1EAE2D186B5}.Debug|Any CPU.Build.0 = Debug|Any CPU
		{210243D9-7585-485A-B5FA-E1EAE2D186B5}.Release|Any CPU.ActiveCfg = Release|Any CPU
		{210243D9-7585-485A-B5FA-E1EAE2D186B5}.Release|Any CPU.Build.0 = Release|Any CPU
		{EA6427CC-6260-489E-8CDE-CC0CB077BDAB}.Debug|Any CPU.ActiveCfg = Debug|Any CPU
		{EA6427CC-6260-489E-8CDE-CC0CB077BDAB}.Debug|Any CPU.Build.0 = Debug|Any CPU
		{EA6427CC-6260-489E-8CDE-CC0CB077BDAB}.Release|Any CPU.ActiveCfg = Release|Any CPU
		{EA6427CC-6260-489E-8CDE-CC0CB077BDAB}.Release|Any CPU.Build.0 = Release|Any CPU
		{E9813391-6FF7-430E-869E-65809649D06E}.Debug|Any CPU.ActiveCfg = Debug|Any CPU
		{E9813391-6FF7-430E-869E-65809649D06E}.Debug|Any CPU.Build.0 = Debug|Any CPU
		{E9813391-6FF7-430E-869E-65809649D06E}.Release|Any CPU.ActiveCfg = Release|Any CPU
		{E9813391-6FF7-430E-869E-65809649D06E}.Release|Any CPU.Build.0 = Release|Any CPU
	EndGlobalSection
	GlobalSection(SolutionProperties) = preSolution
		HideSolutionNode = FALSE
	EndGlobalSection
	GlobalSection(ExtensibilityGlobals) = postSolution
		SolutionGuid = {7B0CBB4E-3308-4800-B50D-697A2D92CAE0}
	EndGlobalSection
EndGlobal
