
Microsoft Visual Studio Solution File, Format Version 12.00
# Visual Studio Version 16
VisualStudioVersion = 16.0.29728.190
MinimumVisualStudioVersion = 10.0.40219.1
Project("{FAE04EC0-301F-11D3-BF4B-00C04F79EFBC}") = "01.NumbersEndingIn7", "01.NumbersEndingIn7\01.NumbersEndingIn7.csproj", "{29438CA5-BDF6-4000-988B-EBA4A117C99C}"
EndProject
Project("{FAE04EC0-301F-11D3-BF4B-00C04F79EFBC}") = "02.HalfSumElement", "..\02.HalfSumElement\02.HalfSumElement.csproj", "{BE6CAE8A-4453-4288-AA93-E126B29907B0}"
EndProject
Global
	GlobalSection(SolutionConfigurationPlatforms) = preSolution
		Debug|Any CPU = Debug|Any CPU
		Release|Any CPU = Release|Any CPU
	EndGlobalSection
	GlobalSection(ProjectConfigurationPlatforms) = postSolution
		{29438CA5-BDF6-4000-988B-EBA4A117C99C}.Debug|Any CPU.ActiveCfg = Debug|Any CPU
		{29438CA5-BDF6-4000-988B-EBA4A117C99C}.Debug|Any CPU.Build.0 = Debug|Any CPU
		{29438CA5-BDF6-4000-988B-EBA4A117C99C}.Release|Any CPU.ActiveCfg = Release|Any CPU
		{29438CA5-BDF6-4000-988B-EBA4A117C99C}.Release|Any CPU.Build.0 = Release|Any CPU
		{BE6CAE8A-4453-4288-AA93-E126B29907B0}.Debug|Any CPU.ActiveCfg = Debug|Any CPU
		{BE6CAE8A-4453-4288-AA93-E126B29907B0}.Debug|Any CPU.Build.0 = Debug|Any CPU
		{BE6CAE8A-4453-4288-AA93-E126B29907B0}.Release|Any CPU.ActiveCfg = Release|Any CPU
		{BE6CAE8A-4453-4288-AA93-E126B29907B0}.Release|Any CPU.Build.0 = Release|Any CPU
	EndGlobalSection
	GlobalSection(SolutionProperties) = preSolution
		HideSolutionNode = FALSE
	EndGlobalSection
	GlobalSection(ExtensibilityGlobals) = postSolution
		SolutionGuid = {62A05A67-6D97-48C5-AD4D-9D6C9C533C0B}
	EndGlobalSection
EndGlobal
