
Microsoft Visual Studio Solution File, Format Version 12.00
# Visual Studio Version 16
VisualStudioVersion = 16.0.29728.190
MinimumVisualStudioVersion = 10.0.40219.1
Project("{FAE04EC0-301F-11D3-BF4B-00C04F79EFBC}") = "5. Messages", "5. Messages\5. Messages.csproj", "{0817711A-9A69-4298-A0AE-E328EABCAB8A}"
EndProject
Global
	GlobalSection(SolutionConfigurationPlatforms) = preSolution
		Debug|Any CPU = Debug|Any CPU
		Release|Any CPU = Release|Any CPU
	EndGlobalSection
	GlobalSection(ProjectConfigurationPlatforms) = postSolution
		{0817711A-9A69-4298-A0AE-E328EABCAB8A}.Debug|Any CPU.ActiveCfg = Debug|Any CPU
		{0817711A-9A69-4298-A0AE-E328EABCAB8A}.Debug|Any CPU.Build.0 = Debug|Any CPU
		{0817711A-9A69-4298-A0AE-E328EABCAB8A}.Release|Any CPU.ActiveCfg = Release|Any CPU
		{0817711A-9A69-4298-A0AE-E328EABCAB8A}.Release|Any CPU.Build.0 = Release|Any CPU
	EndGlobalSection
	GlobalSection(SolutionProperties) = preSolution
		HideSolutionNode = FALSE
	EndGlobalSection
	GlobalSection(ExtensibilityGlobals) = postSolution
		SolutionGuid = {B3610366-E225-450A-9671-1E149A94F93D}
	EndGlobalSection
EndGlobal
