
Microsoft Visual Studio Solution File, Format Version 12.00
# Visual Studio Version 16
VisualStudioVersion = 16.0.30309.148
MinimumVisualStudioVersion = 10.0.40219.1
Project("{FAE04EC0-301F-11D3-BF4B-00C04F79EFBC}") = "Problem 1. Password Reset", "Problem 1. Password Reset\Problem 1. Password Reset.csproj", "{325D971A-1C81-47EF-B373-F2663AF7E31D}"
EndProject
Global
	GlobalSection(SolutionConfigurationPlatforms) = preSolution
		Debug|Any CPU = Debug|Any CPU
		Release|Any CPU = Release|Any CPU
	EndGlobalSection
	GlobalSection(ProjectConfigurationPlatforms) = postSolution
		{325D971A-1C81-47EF-B373-F2663AF7E31D}.Debug|Any CPU.ActiveCfg = Debug|Any CPU
		{325D971A-1C81-47EF-B373-F2663AF7E31D}.Debug|Any CPU.Build.0 = Debug|Any CPU
		{325D971A-1C81-47EF-B373-F2663AF7E31D}.Release|Any CPU.ActiveCfg = Release|Any CPU
		{325D971A-1C81-47EF-B373-F2663AF7E31D}.Release|Any CPU.Build.0 = Release|Any CPU
	EndGlobalSection
	GlobalSection(SolutionProperties) = preSolution
		HideSolutionNode = FALSE
	EndGlobalSection
	GlobalSection(ExtensibilityGlobals) = postSolution
		SolutionGuid = {23CB97E1-7F65-473C-9F9F-C2DDD0CC6C21}
	EndGlobalSection
EndGlobal
