
Microsoft Visual Studio Solution File, Format Version 12.00
# Visual Studio Version 16
VisualStudioVersion = 16.0.29728.190
MinimumVisualStudioVersion = 10.0.40219.1
Project("{9A19103F-16F7-4668-BE54-9A1E7A4F7556}") = "07.OperationsBetweenNumbers", "07.OperationsBetweenNumbers.csproj", "{6DDE091A-FB40-4C8F-8D63-B6DE2C61EFAE}"
EndProject
Project("{FAE04EC0-301F-11D3-BF4B-00C04F79EFBC}") = "08.HotelRoom", "..\08.HotelRoom\08.HotelRoom.csproj", "{450EE222-E8D4-4361-B875-0CEA7C72C86E}"
EndProject
Project("{FAE04EC0-301F-11D3-BF4B-00C04F79EFBC}") = "09.OnTimeForTheExam", "..\09.OnTimeForTheExam\09.OnTimeForTheExam.csproj", "{D0B7722B-9837-452B-91E1-0C3F83D42999}"
EndProject
Global
	GlobalSection(SolutionConfigurationPlatforms) = preSolution
		Debug|Any CPU = Debug|Any CPU
		Release|Any CPU = Release|Any CPU
	EndGlobalSection
	GlobalSection(ProjectConfigurationPlatforms) = postSolution
		{6DDE091A-FB40-4C8F-8D63-B6DE2C61EFAE}.Debug|Any CPU.ActiveCfg = Debug|Any CPU
		{6DDE091A-FB40-4C8F-8D63-B6DE2C61EFAE}.Debug|Any CPU.Build.0 = Debug|Any CPU
		{6DDE091A-FB40-4C8F-8D63-B6DE2C61EFAE}.Release|Any CPU.ActiveCfg = Release|Any CPU
		{6DDE091A-FB40-4C8F-8D63-B6DE2C61EFAE}.Release|Any CPU.Build.0 = Release|Any CPU
		{450EE222-E8D4-4361-B875-0CEA7C72C86E}.Debug|Any CPU.ActiveCfg = Debug|Any CPU
		{450EE222-E8D4-4361-B875-0CEA7C72C86E}.Debug|Any CPU.Build.0 = Debug|Any CPU
		{450EE222-E8D4-4361-B875-0CEA7C72C86E}.Release|Any CPU.ActiveCfg = Release|Any CPU
		{450EE222-E8D4-4361-B875-0CEA7C72C86E}.Release|Any CPU.Build.0 = Release|Any CPU
		{D0B7722B-9837-452B-91E1-0C3F83D42999}.Debug|Any CPU.ActiveCfg = Debug|Any CPU
		{D0B7722B-9837-452B-91E1-0C3F83D42999}.Debug|Any CPU.Build.0 = Debug|Any CPU
		{D0B7722B-9837-452B-91E1-0C3F83D42999}.Release|Any CPU.ActiveCfg = Release|Any CPU
		{D0B7722B-9837-452B-91E1-0C3F83D42999}.Release|Any CPU.Build.0 = Release|Any CPU
	EndGlobalSection
	GlobalSection(SolutionProperties) = preSolution
		HideSolutionNode = FALSE
	EndGlobalSection
	GlobalSection(ExtensibilityGlobals) = postSolution
		SolutionGuid = {95775F92-83BA-411F-81D4-360BADBF55B6}
	EndGlobalSection
EndGlobal
