
Microsoft Visual Studio Solution File, Format Version 12.00
# Visual Studio Version 16
VisualStudioVersion = 16.0.30523.141
MinimumVisualStudioVersion = 10.0.40219.1
Project("{FAE04EC0-301F-11D3-BF4B-00C04F79EFBC}") = "2.VehiclesExtension", "2.VehiclesExtension\2.VehiclesExtension.csproj", "{DF6F5270-8BFE-4492-AB2A-70C2779810FA}"
EndProject
Global
	GlobalSection(SolutionConfigurationPlatforms) = preSolution
		Debug|Any CPU = Debug|Any CPU
		Release|Any CPU = Release|Any CPU
	EndGlobalSection
	GlobalSection(ProjectConfigurationPlatforms) = postSolution
		{DF6F5270-8BFE-4492-AB2A-70C2779810FA}.Debug|Any CPU.ActiveCfg = Debug|Any CPU
		{DF6F5270-8BFE-4492-AB2A-70C2779810FA}.Debug|Any CPU.Build.0 = Debug|Any CPU
		{DF6F5270-8BFE-4492-AB2A-70C2779810FA}.Release|Any CPU.ActiveCfg = Release|Any CPU
		{DF6F5270-8BFE-4492-AB2A-70C2779810FA}.Release|Any CPU.Build.0 = Release|Any CPU
	EndGlobalSection
	GlobalSection(SolutionProperties) = preSolution
		HideSolutionNode = FALSE
	EndGlobalSection
	GlobalSection(ExtensibilityGlobals) = postSolution
		SolutionGuid = {9AEDC4B1-F927-489E-A4D6-534249DC7B9F}
	EndGlobalSection
EndGlobal
