
Microsoft Visual Studio Solution File, Format Version 12.00
# Visual Studio Version 16
VisualStudioVersion = 16.0.30503.244
MinimumVisualStudioVersion = 10.0.40219.1
Project("{FAE04EC0-301F-11D3-BF4B-00C04F79EFBC}") = "07.RawData", "07.RawData\07.RawData.csproj", "{2190FA6F-6397-4925-BC23-E5763803A27E}"
EndProject
Project("{FAE04EC0-301F-11D3-BF4B-00C04F79EFBC}") = "8.CarSalesman", "..\8.CarSalesman\8.CarSalesman.csproj", "{821A9E2D-73D0-41BD-893F-B537E55BFEC9}"
EndProject
Global
	GlobalSection(SolutionConfigurationPlatforms) = preSolution
		Debug|Any CPU = Debug|Any CPU
		Release|Any CPU = Release|Any CPU
	EndGlobalSection
	GlobalSection(ProjectConfigurationPlatforms) = postSolution
		{2190FA6F-6397-4925-BC23-E5763803A27E}.Debug|Any CPU.ActiveCfg = Debug|Any CPU
		{2190FA6F-6397-4925-BC23-E5763803A27E}.Debug|Any CPU.Build.0 = Debug|Any CPU
		{2190FA6F-6397-4925-BC23-E5763803A27E}.Release|Any CPU.ActiveCfg = Release|Any CPU
		{2190FA6F-6397-4925-BC23-E5763803A27E}.Release|Any CPU.Build.0 = Release|Any CPU
		{821A9E2D-73D0-41BD-893F-B537E55BFEC9}.Debug|Any CPU.ActiveCfg = Debug|Any CPU
		{821A9E2D-73D0-41BD-893F-B537E55BFEC9}.Debug|Any CPU.Build.0 = Debug|Any CPU
		{821A9E2D-73D0-41BD-893F-B537E55BFEC9}.Release|Any CPU.ActiveCfg = Release|Any CPU
		{821A9E2D-73D0-41BD-893F-B537E55BFEC9}.Release|Any CPU.Build.0 = Release|Any CPU
	EndGlobalSection
	GlobalSection(SolutionProperties) = preSolution
		HideSolutionNode = FALSE
	EndGlobalSection
	GlobalSection(ExtensibilityGlobals) = postSolution
		SolutionGuid = {2FDAF770-6551-410A-A85F-7A70DE040FFC}
	EndGlobalSection
EndGlobal
