
Microsoft Visual Studio Solution File, Format Version 12.00
# Visual Studio Version 16
VisualStudioVersion = 16.0.29728.190
MinimumVisualStudioVersion = 10.0.40219.1
Project("{FAE04EC0-301F-11D3-BF4B-00C04F79EFBC}") = "1. Train", "1. Train\1. Train.csproj", "{0636C932-7913-422B-B1E5-112E2B3BEAE3}"
EndProject
Project("{FAE04EC0-301F-11D3-BF4B-00C04F79EFBC}") = "02. Change List", "..\02. Change List\02. Change List.csproj", "{6D96F4EA-DCA1-4D34-B15D-01332DDB72B1}"
EndProject
Global
	GlobalSection(SolutionConfigurationPlatforms) = preSolution
		Debug|Any CPU = Debug|Any CPU
		Release|Any CPU = Release|Any CPU
	EndGlobalSection
	GlobalSection(ProjectConfigurationPlatforms) = postSolution
		{0636C932-7913-422B-B1E5-112E2B3BEAE3}.Debug|Any CPU.ActiveCfg = Debug|Any CPU
		{0636C932-7913-422B-B1E5-112E2B3BEAE3}.Debug|Any CPU.Build.0 = Debug|Any CPU
		{0636C932-7913-422B-B1E5-112E2B3BEAE3}.Release|Any CPU.ActiveCfg = Release|Any CPU
		{0636C932-7913-422B-B1E5-112E2B3BEAE3}.Release|Any CPU.Build.0 = Release|Any CPU
		{6D96F4EA-DCA1-4D34-B15D-01332DDB72B1}.Debug|Any CPU.ActiveCfg = Debug|Any CPU
		{6D96F4EA-DCA1-4D34-B15D-01332DDB72B1}.Debug|Any CPU.Build.0 = Debug|Any CPU
		{6D96F4EA-DCA1-4D34-B15D-01332DDB72B1}.Release|Any CPU.ActiveCfg = Release|Any CPU
		{6D96F4EA-DCA1-4D34-B15D-01332DDB72B1}.Release|Any CPU.Build.0 = Release|Any CPU
	EndGlobalSection
	GlobalSection(SolutionProperties) = preSolution
		HideSolutionNode = FALSE
	EndGlobalSection
	GlobalSection(ExtensibilityGlobals) = postSolution
		SolutionGuid = {D83E17A9-7819-44CD-93F8-61DDA5DBAF49}
	EndGlobalSection
EndGlobal
