
Microsoft Visual Studio Solution File, Format Version 12.00
# Visual Studio Version 16
VisualStudioVersion = 16.0.30503.244
MinimumVisualStudioVersion = 10.0.40219.1
Project("{FAE04EC0-301F-11D3-BF4B-00C04F79EFBC}") = "DefiningClasses", "DefiningClasses\DefiningClasses.csproj", "{D0DDEB3D-DC7C-41A9-AA27-A6BA6DE9A7C9}"
EndProject
Project("{FAE04EC0-301F-11D3-BF4B-00C04F79EFBC}") = "05.DateModifier", "..\05.DateModifier\05.DateModifier.csproj", "{F22A93EC-F697-4083-A2FD-DC7C65CB1086}"
EndProject
Project("{FAE04EC0-301F-11D3-BF4B-00C04F79EFBC}") = "06.SpeedRacing", "..\06.SpeedRacing\06.SpeedRacing.csproj", "{0DE2996A-2482-4AEF-B151-D1F73C162662}"
EndProject
Global
	GlobalSection(SolutionConfigurationPlatforms) = preSolution
		Debug|Any CPU = Debug|Any CPU
		Release|Any CPU = Release|Any CPU
	EndGlobalSection
	GlobalSection(ProjectConfigurationPlatforms) = postSolution
		{D0DDEB3D-DC7C-41A9-AA27-A6BA6DE9A7C9}.Debug|Any CPU.ActiveCfg = Debug|Any CPU
		{D0DDEB3D-DC7C-41A9-AA27-A6BA6DE9A7C9}.Debug|Any CPU.Build.0 = Debug|Any CPU
		{D0DDEB3D-DC7C-41A9-AA27-A6BA6DE9A7C9}.Release|Any CPU.ActiveCfg = Release|Any CPU
		{D0DDEB3D-DC7C-41A9-AA27-A6BA6DE9A7C9}.Release|Any CPU.Build.0 = Release|Any CPU
		{F22A93EC-F697-4083-A2FD-DC7C65CB1086}.Debug|Any CPU.ActiveCfg = Debug|Any CPU
		{F22A93EC-F697-4083-A2FD-DC7C65CB1086}.Debug|Any CPU.Build.0 = Debug|Any CPU
		{F22A93EC-F697-4083-A2FD-DC7C65CB1086}.Release|Any CPU.ActiveCfg = Release|Any CPU
		{F22A93EC-F697-4083-A2FD-DC7C65CB1086}.Release|Any CPU.Build.0 = Release|Any CPU
		{0DE2996A-2482-4AEF-B151-D1F73C162662}.Debug|Any CPU.ActiveCfg = Debug|Any CPU
		{0DE2996A-2482-4AEF-B151-D1F73C162662}.Debug|Any CPU.Build.0 = Debug|Any CPU
		{0DE2996A-2482-4AEF-B151-D1F73C162662}.Release|Any CPU.ActiveCfg = Release|Any CPU
		{0DE2996A-2482-4AEF-B151-D1F73C162662}.Release|Any CPU.Build.0 = Release|Any CPU
	EndGlobalSection
	GlobalSection(SolutionProperties) = preSolution
		HideSolutionNode = FALSE
	EndGlobalSection
	GlobalSection(ExtensibilityGlobals) = postSolution
		SolutionGuid = {A9D4A486-D384-4347-AE5C-D9D49E842CC4}
	EndGlobalSection
EndGlobal
