
Microsoft Visual Studio Solution File, Format Version 12.00
# Visual Studio Version 16
VisualStudioVersion = 16.0.29728.190
MinimumVisualStudioVersion = 10.0.40219.1
Project("{9A19103F-16F7-4668-BE54-9A1E7A4F7556}") = "01.PointОnRectangleBorder", "01.PointОnRectangleBorder\01.PointОnRectangleBorder.csproj", "{D86C89EE-097E-44B7-BD5F-6D5B398657DD}"
EndProject
Project("{9A19103F-16F7-4668-BE54-9A1E7A4F7556}") = "02.Cinema", "..\02.Cinema\02.Cinema.csproj", "{189C8FF2-FB3C-48AA-8021-009C7F96226D}"
EndProject
Project("{9A19103F-16F7-4668-BE54-9A1E7A4F7556}") = "03.SummerOutfit", "03.SummerOutfit\03.SummerOutfit.csproj", "{E5AEC89B-DCBD-4A40-98AB-162A19C1CDDA}"
EndProject
Project("{FAE04EC0-301F-11D3-BF4B-00C04F79EFBC}") = "04.NewHouse", "04.NewHouse\04.NewHouse.csproj", "{51DF553E-88B6-45CA-9064-FB299B170DCA}"
EndProject
Project("{FAE04EC0-301F-11D3-BF4B-00C04F79EFBC}") = "05.FishingBoat", "05.FishingBoat\05.FishingBoat.csproj", "{55777801-7723-45AE-9819-EEDED34F020F}"
EndProject
Project("{FAE04EC0-301F-11D3-BF4B-00C04F79EFBC}") = "06.Journey", "06.Journey\06.Journey.csproj", "{BC998050-D3C3-4A88-B3A4-94CC07F086CD}"
EndProject
Project("{FAE04EC0-301F-11D3-BF4B-00C04F79EFBC}") = "07.OperationsBetweenNumbers", "07.OperationsBetweenNumbers\07.OperationsBetweenNumbers.csproj", "{DEF71380-F979-4C02-BEB2-BB81C992C1D5}"
EndProject
Global
	GlobalSection(SolutionConfigurationPlatforms) = preSolution
		Debug|Any CPU = Debug|Any CPU
		Release|Any CPU = Release|Any CPU
	EndGlobalSection
	GlobalSection(ProjectConfigurationPlatforms) = postSolution
		{D86C89EE-097E-44B7-BD5F-6D5B398657DD}.Debug|Any CPU.ActiveCfg = Debug|Any CPU
		{D86C89EE-097E-44B7-BD5F-6D5B398657DD}.Debug|Any CPU.Build.0 = Debug|Any CPU
		{D86C89EE-097E-44B7-BD5F-6D5B398657DD}.Release|Any CPU.ActiveCfg = Release|Any CPU
		{D86C89EE-097E-44B7-BD5F-6D5B398657DD}.Release|Any CPU.Build.0 = Release|Any CPU
		{189C8FF2-FB3C-48AA-8021-009C7F96226D}.Debug|Any CPU.ActiveCfg = Debug|Any CPU
		{189C8FF2-FB3C-48AA-8021-009C7F96226D}.Debug|Any CPU.Build.0 = Debug|Any CPU
		{189C8FF2-FB3C-48AA-8021-009C7F96226D}.Release|Any CPU.ActiveCfg = Release|Any CPU
		{189C8FF2-FB3C-48AA-8021-009C7F96226D}.Release|Any CPU.Build.0 = Release|Any CPU
		{E5AEC89B-DCBD-4A40-98AB-162A19C1CDDA}.Debug|Any CPU.ActiveCfg = Debug|Any CPU
		{E5AEC89B-DCBD-4A40-98AB-162A19C1CDDA}.Debug|Any CPU.Build.0 = Debug|Any CPU
		{E5AEC89B-DCBD-4A40-98AB-162A19C1CDDA}.Release|Any CPU.ActiveCfg = Release|Any CPU
		{E5AEC89B-DCBD-4A40-98AB-162A19C1CDDA}.Release|Any CPU.Build.0 = Release|Any CPU
		{51DF553E-88B6-45CA-9064-FB299B170DCA}.Debug|Any CPU.ActiveCfg = Debug|Any CPU
		{51DF553E-88B6-45CA-9064-FB299B170DCA}.Debug|Any CPU.Build.0 = Debug|Any CPU
		{51DF553E-88B6-45CA-9064-FB299B170DCA}.Release|Any CPU.ActiveCfg = Release|Any CPU
		{51DF553E-88B6-45CA-9064-FB299B170DCA}.Release|Any CPU.Build.0 = Release|Any CPU
		{55777801-7723-45AE-9819-EEDED34F020F}.Debug|Any CPU.ActiveCfg = Debug|Any CPU
		{55777801-7723-45AE-9819-EEDED34F020F}.Debug|Any CPU.Build.0 = Debug|Any CPU
		{55777801-7723-45AE-9819-EEDED34F020F}.Release|Any CPU.ActiveCfg = Release|Any CPU
		{55777801-7723-45AE-9819-EEDED34F020F}.Release|Any CPU.Build.0 = Release|Any CPU
		{BC998050-D3C3-4A88-B3A4-94CC07F086CD}.Debug|Any CPU.ActiveCfg = Debug|Any CPU
		{BC998050-D3C3-4A88-B3A4-94CC07F086CD}.Debug|Any CPU.Build.0 = Debug|Any CPU
		{BC998050-D3C3-4A88-B3A4-94CC07F086CD}.Release|Any CPU.ActiveCfg = Release|Any CPU
		{BC998050-D3C3-4A88-B3A4-94CC07F086CD}.Release|Any CPU.Build.0 = Release|Any CPU
		{DEF71380-F979-4C02-BEB2-BB81C992C1D5}.Debug|Any CPU.ActiveCfg = Debug|Any CPU
		{DEF71380-F979-4C02-BEB2-BB81C992C1D5}.Debug|Any CPU.Build.0 = Debug|Any CPU
		{DEF71380-F979-4C02-BEB2-BB81C992C1D5}.Release|Any CPU.ActiveCfg = Release|Any CPU
		{DEF71380-F979-4C02-BEB2-BB81C992C1D5}.Release|Any CPU.Build.0 = Release|Any CPU
	EndGlobalSection
	GlobalSection(SolutionProperties) = preSolution
		HideSolutionNode = FALSE
	EndGlobalSection
	GlobalSection(ExtensibilityGlobals) = postSolution
		SolutionGuid = {4C128B05-7AA8-40A4-B854-0CD7CAD8053E}
	EndGlobalSection
EndGlobal
