
Microsoft Visual Studio Solution File, Format Version 12.00
# Visual Studio Version 16
VisualStudioVersion = 16.0.30406.217
MinimumVisualStudioVersion = 10.0.40219.1
Project("{FAE04EC0-301F-11D3-BF4B-00C04F79EFBC}") = "5. Snake Moves", "5. Snake Moves\5. Snake Moves.csproj", "{83BF92D5-BF8B-41F7-AD6B-FF9B99BA6310}"
EndProject
Project("{FAE04EC0-301F-11D3-BF4B-00C04F79EFBC}") = "6. Jagged Array Manipulator", "..\6. Jagged Array Manipulator\6. Jagged Array Manipulator.csproj", "{BDF36DB5-CC09-4420-BFEF-11FD4AF751F8}"
EndProject
Project("{FAE04EC0-301F-11D3-BF4B-00C04F79EFBC}") = "7. Knight Game", "..\7. Knight Game\7. Knight Game.csproj", "{01E667B2-A802-488D-85C9-1529BF773CB3}"
EndProject
Global
	GlobalSection(SolutionConfigurationPlatforms) = preSolution
		Debug|Any CPU = Debug|Any CPU
		Release|Any CPU = Release|Any CPU
	EndGlobalSection
	GlobalSection(ProjectConfigurationPlatforms) = postSolution
		{83BF92D5-BF8B-41F7-AD6B-FF9B99BA6310}.Debug|Any CPU.ActiveCfg = Debug|Any CPU
		{83BF92D5-BF8B-41F7-AD6B-FF9B99BA6310}.Debug|Any CPU.Build.0 = Debug|Any CPU
		{83BF92D5-BF8B-41F7-AD6B-FF9B99BA6310}.Release|Any CPU.ActiveCfg = Release|Any CPU
		{83BF92D5-BF8B-41F7-AD6B-FF9B99BA6310}.Release|Any CPU.Build.0 = Release|Any CPU
		{BDF36DB5-CC09-4420-BFEF-11FD4AF751F8}.Debug|Any CPU.ActiveCfg = Debug|Any CPU
		{BDF36DB5-CC09-4420-BFEF-11FD4AF751F8}.Debug|Any CPU.Build.0 = Debug|Any CPU
		{BDF36DB5-CC09-4420-BFEF-11FD4AF751F8}.Release|Any CPU.ActiveCfg = Release|Any CPU
		{BDF36DB5-CC09-4420-BFEF-11FD4AF751F8}.Release|Any CPU.Build.0 = Release|Any CPU
		{01E667B2-A802-488D-85C9-1529BF773CB3}.Debug|Any CPU.ActiveCfg = Debug|Any CPU
		{01E667B2-A802-488D-85C9-1529BF773CB3}.Debug|Any CPU.Build.0 = Debug|Any CPU
		{01E667B2-A802-488D-85C9-1529BF773CB3}.Release|Any CPU.ActiveCfg = Release|Any CPU
		{01E667B2-A802-488D-85C9-1529BF773CB3}.Release|Any CPU.Build.0 = Release|Any CPU
	EndGlobalSection
	GlobalSection(SolutionProperties) = preSolution
		HideSolutionNode = FALSE
	EndGlobalSection
	GlobalSection(ExtensibilityGlobals) = postSolution
		SolutionGuid = {2E96491A-C9EC-45C3-AB53-425B3250F007}
	EndGlobalSection
EndGlobal
