
Microsoft Visual Studio Solution File, Format Version 12.00
# Visual Studio Version 16
VisualStudioVersion = 16.0.29306.81
MinimumVisualStudioVersion = 10.0.40219.1
Project("{FAE04EC0-301F-11D3-BF4B-00C04F79EFBC}") = "6.CircleAreaAndPerimeter", "6.CircleAreaAndPerimeter\6.CircleAreaAndPerimeter.csproj", "{562F1CEF-1ADB-405D-9D29-A01A0BCB386A}"
EndProject
Global
	GlobalSection(SolutionConfigurationPlatforms) = preSolution
		Debug|Any CPU = Debug|Any CPU
		Release|Any CPU = Release|Any CPU
	EndGlobalSection
	GlobalSection(ProjectConfigurationPlatforms) = postSolution
		{562F1CEF-1ADB-405D-9D29-A01A0BCB386A}.Debug|Any CPU.ActiveCfg = Debug|Any CPU
		{562F1CEF-1ADB-405D-9D29-A01A0BCB386A}.Debug|Any CPU.Build.0 = Debug|Any CPU
		{562F1CEF-1ADB-405D-9D29-A01A0BCB386A}.Release|Any CPU.ActiveCfg = Release|Any CPU
		{562F1CEF-1ADB-405D-9D29-A01A0BCB386A}.Release|Any CPU.Build.0 = Release|Any CPU
	EndGlobalSection
	GlobalSection(SolutionProperties) = preSolution
		HideSolutionNode = FALSE
	EndGlobalSection
	GlobalSection(ExtensibilityGlobals) = postSolution
		SolutionGuid = {9400BB57-881F-493A-BED1-B9482D71F167}
	EndGlobalSection
EndGlobal
