
Microsoft Visual Studio Solution File, Format Version 12.00
# Visual Studio Version 16
VisualStudioVersion = 16.0.29728.190
MinimumVisualStudioVersion = 10.0.40219.1
Project("{FAE04EC0-301F-11D3-BF4B-00C04F79EFBC}") = "01. Student Information", "01. Student Information\01. Student Information.csproj", "{D06FCA98-16BA-4BC0-B72F-B3895C4175D6}"
EndProject
Project("{FAE04EC0-301F-11D3-BF4B-00C04F79EFBC}") = "02. Passed", "..\02. Passed\02. Passed.csproj", "{1199F61E-1B85-4C3C-A0F7-4C8E69E522DB}"
EndProject
Project("{FAE04EC0-301F-11D3-BF4B-00C04F79EFBC}") = "03. Passed or Failed", "03. Passed or Failed\03. Passed or Failed.csproj", "{6B76049A-0CB9-44C1-81EA-95CE144D8247}"
EndProject
Project("{FAE04EC0-301F-11D3-BF4B-00C04F79EFBC}") = "04. Back In 30 Minutes", "04. Back In 30 Minutes\04. Back In 30 Minutes.csproj", "{662EBCE6-6F40-44AF-A500-CCFA882529AF}"
EndProject
Project("{FAE04EC0-301F-11D3-BF4B-00C04F79EFBC}") = "05. Month Printer", "05. Month Printer\05. Month Printer.csproj", "{A6B8F949-4AF5-4653-8D67-BE13A7DC98A2}"
EndProject
Project("{FAE04EC0-301F-11D3-BF4B-00C04F79EFBC}") = "06. Foreign Languages", "06. Foreign Languages\06. Foreign Languages.csproj", "{16000C67-194A-4F36-86D7-C63F1BEF6F34}"
EndProject
Global
	GlobalSection(SolutionConfigurationPlatforms) = preSolution
		Debug|Any CPU = Debug|Any CPU
		Release|Any CPU = Release|Any CPU
	EndGlobalSection
	GlobalSection(ProjectConfigurationPlatforms) = postSolution
		{D06FCA98-16BA-4BC0-B72F-B3895C4175D6}.Debug|Any CPU.ActiveCfg = Debug|Any CPU
		{D06FCA98-16BA-4BC0-B72F-B3895C4175D6}.Debug|Any CPU.Build.0 = Debug|Any CPU
		{D06FCA98-16BA-4BC0-B72F-B3895C4175D6}.Release|Any CPU.ActiveCfg = Release|Any CPU
		{D06FCA98-16BA-4BC0-B72F-B3895C4175D6}.Release|Any CPU.Build.0 = Release|Any CPU
		{1199F61E-1B85-4C3C-A0F7-4C8E69E522DB}.Debug|Any CPU.ActiveCfg = Debug|Any CPU
		{1199F61E-1B85-4C3C-A0F7-4C8E69E522DB}.Debug|Any CPU.Build.0 = Debug|Any CPU
		{1199F61E-1B85-4C3C-A0F7-4C8E69E522DB}.Release|Any CPU.ActiveCfg = Release|Any CPU
		{1199F61E-1B85-4C3C-A0F7-4C8E69E522DB}.Release|Any CPU.Build.0 = Release|Any CPU
		{6B76049A-0CB9-44C1-81EA-95CE144D8247}.Debug|Any CPU.ActiveCfg = Debug|Any CPU
		{6B76049A-0CB9-44C1-81EA-95CE144D8247}.Debug|Any CPU.Build.0 = Debug|Any CPU
		{6B76049A-0CB9-44C1-81EA-95CE144D8247}.Release|Any CPU.ActiveCfg = Release|Any CPU
		{6B76049A-0CB9-44C1-81EA-95CE144D8247}.Release|Any CPU.Build.0 = Release|Any CPU
		{662EBCE6-6F40-44AF-A500-CCFA882529AF}.Debug|Any CPU.ActiveCfg = Debug|Any CPU
		{662EBCE6-6F40-44AF-A500-CCFA882529AF}.Debug|Any CPU.Build.0 = Debug|Any CPU
		{662EBCE6-6F40-44AF-A500-CCFA882529AF}.Release|Any CPU.ActiveCfg = Release|Any CPU
		{662EBCE6-6F40-44AF-A500-CCFA882529AF}.Release|Any CPU.Build.0 = Release|Any CPU
		{A6B8F949-4AF5-4653-8D67-BE13A7DC98A2}.Debug|Any CPU.ActiveCfg = Debug|Any CPU
		{A6B8F949-4AF5-4653-8D67-BE13A7DC98A2}.Debug|Any CPU.Build.0 = Debug|Any CPU
		{A6B8F949-4AF5-4653-8D67-BE13A7DC98A2}.Release|Any CPU.ActiveCfg = Release|Any CPU
		{A6B8F949-4AF5-4653-8D67-BE13A7DC98A2}.Release|Any CPU.Build.0 = Release|Any CPU
		{16000C67-194A-4F36-86D7-C63F1BEF6F34}.Debug|Any CPU.ActiveCfg = Debug|Any CPU
		{16000C67-194A-4F36-86D7-C63F1BEF6F34}.Debug|Any CPU.Build.0 = Debug|Any CPU
		{16000C67-194A-4F36-86D7-C63F1BEF6F34}.Release|Any CPU.ActiveCfg = Release|Any CPU
		{16000C67-194A-4F36-86D7-C63F1BEF6F34}.Release|Any CPU.Build.0 = Release|Any CPU
	EndGlobalSection
	GlobalSection(SolutionProperties) = preSolution
		HideSolutionNode = FALSE
	EndGlobalSection
	GlobalSection(ExtensibilityGlobals) = postSolution
		SolutionGuid = {68E01A26-C69D-4003-B4C2-C5D6D45BD59C}
	EndGlobalSection
EndGlobal
