
Microsoft Visual Studio Solution File, Format Version 12.00
# Visual Studio Version 16
VisualStudioVersion = 16.0.29728.190
MinimumVisualStudioVersion = 10.0.40219.1
Project("{FAE04EC0-301F-11D3-BF4B-00C04F79EFBC}") = "01. Data Type Finder", "01. Data Type Finder\01. Data Type Finder.csproj", "{3EFEE4F0-59ED-409C-93A6-B19FB99EADE6}"
EndProject
Global
	GlobalSection(SolutionConfigurationPlatforms) = preSolution
		Debug|Any CPU = Debug|Any CPU
		Release|Any CPU = Release|Any CPU
	EndGlobalSection
	GlobalSection(ProjectConfigurationPlatforms) = postSolution
		{3EFEE4F0-59ED-409C-93A6-B19FB99EADE6}.Debug|Any CPU.ActiveCfg = Debug|Any CPU
		{3EFEE4F0-59ED-409C-93A6-B19FB99EADE6}.Debug|Any CPU.Build.0 = Debug|Any CPU
		{3EFEE4F0-59ED-409C-93A6-B19FB99EADE6}.Release|Any CPU.ActiveCfg = Release|Any CPU
		{3EFEE4F0-59ED-409C-93A6-B19FB99EADE6}.Release|Any CPU.Build.0 = Release|Any CPU
	EndGlobalSection
	GlobalSection(SolutionProperties) = preSolution
		HideSolutionNode = FALSE
	EndGlobalSection
	GlobalSection(ExtensibilityGlobals) = postSolution
		SolutionGuid = {4CB02184-B524-4CB2-B376-92DF40643C82}
	EndGlobalSection
EndGlobal
