
Microsoft Visual Studio Solution File, Format Version 12.00
# Visual Studio Version 16
VisualStudioVersion = 16.0.30330.147
MinimumVisualStudioVersion = 10.0.40219.1
Project("{FAE04EC0-301F-11D3-BF4B-00C04F79EFBC}") = "02. AdAstra", "02. AdAstra\02. AdAstra.csproj", "{52E882C7-1981-4DF8-9833-020F93B04BB9}"
EndProject
Global
	GlobalSection(SolutionConfigurationPlatforms) = preSolution
		Debug|Any CPU = Debug|Any CPU
		Release|Any CPU = Release|Any CPU
	EndGlobalSection
	GlobalSection(ProjectConfigurationPlatforms) = postSolution
		{52E882C7-1981-4DF8-9833-020F93B04BB9}.Debug|Any CPU.ActiveCfg = Debug|Any CPU
		{52E882C7-1981-4DF8-9833-020F93B04BB9}.Debug|Any CPU.Build.0 = Debug|Any CPU
		{52E882C7-1981-4DF8-9833-020F93B04BB9}.Release|Any CPU.ActiveCfg = Release|Any CPU
		{52E882C7-1981-4DF8-9833-020F93B04BB9}.Release|Any CPU.Build.0 = Release|Any CPU
	EndGlobalSection
	GlobalSection(SolutionProperties) = preSolution
		HideSolutionNode = FALSE
	EndGlobalSection
	GlobalSection(ExtensibilityGlobals) = postSolution
		SolutionGuid = {3346E950-BC5B-461A-A45A-267436D8D4C4}
	EndGlobalSection
EndGlobal
