
Microsoft Visual Studio Solution File, Format Version 12.00
# Visual Studio Version 16
VisualStudioVersion = 16.0.29728.190
MinimumVisualStudioVersion = 10.0.40219.1
Project("{FAE04EC0-301F-11D3-BF4B-00C04F79EFBC}") = "01.ReadText", "01.ReadText\01.ReadText.csproj", "{DAFC99B0-E64E-44DE-91FC-36470B0995EE}"
EndProject
Project("{FAE04EC0-301F-11D3-BF4B-00C04F79EFBC}") = "02.Password", "..\02.Password\02.Password.csproj", "{60BF0F4E-0367-479D-B6D2-5ABFB1B5AC8A}"
EndProject
Project("{FAE04EC0-301F-11D3-BF4B-00C04F79EFBC}") = "03.SumNumbers", "..\03.SumNumbers\03.SumNumbers.csproj", "{AF314F4C-3A83-400B-BD65-8229E095B0A9}"
EndProject
Project("{FAE04EC0-301F-11D3-BF4B-00C04F79EFBC}") = "04.Sequence2k+1", "..\04.Sequence2k+1\04.Sequence2k+1.csproj", "{FA1551B6-3BDF-4B59-A7B4-906B5BAED0EC}"
EndProject
Project("{FAE04EC0-301F-11D3-BF4B-00C04F79EFBC}") = "05.AccountBalance", "..\05.AccountBalance\05.AccountBalance.csproj", "{97C62F71-60C3-4746-9FE9-92071F7CDF78}"
EndProject
Global
	GlobalSection(SolutionConfigurationPlatforms) = preSolution
		Debug|Any CPU = Debug|Any CPU
		Release|Any CPU = Release|Any CPU
	EndGlobalSection
	GlobalSection(ProjectConfigurationPlatforms) = postSolution
		{DAFC99B0-E64E-44DE-91FC-36470B0995EE}.Debug|Any CPU.ActiveCfg = Debug|Any CPU
		{DAFC99B0-E64E-44DE-91FC-36470B0995EE}.Debug|Any CPU.Build.0 = Debug|Any CPU
		{DAFC99B0-E64E-44DE-91FC-36470B0995EE}.Release|Any CPU.ActiveCfg = Release|Any CPU
		{DAFC99B0-E64E-44DE-91FC-36470B0995EE}.Release|Any CPU.Build.0 = Release|Any CPU
		{60BF0F4E-0367-479D-B6D2-5ABFB1B5AC8A}.Debug|Any CPU.ActiveCfg = Debug|Any CPU
		{60BF0F4E-0367-479D-B6D2-5ABFB1B5AC8A}.Debug|Any CPU.Build.0 = Debug|Any CPU
		{60BF0F4E-0367-479D-B6D2-5ABFB1B5AC8A}.Release|Any CPU.ActiveCfg = Release|Any CPU
		{60BF0F4E-0367-479D-B6D2-5ABFB1B5AC8A}.Release|Any CPU.Build.0 = Release|Any CPU
		{AF314F4C-3A83-400B-BD65-8229E095B0A9}.Debug|Any CPU.ActiveCfg = Debug|Any CPU
		{AF314F4C-3A83-400B-BD65-8229E095B0A9}.Debug|Any CPU.Build.0 = Debug|Any CPU
		{AF314F4C-3A83-400B-BD65-8229E095B0A9}.Release|Any CPU.ActiveCfg = Release|Any CPU
		{AF314F4C-3A83-400B-BD65-8229E095B0A9}.Release|Any CPU.Build.0 = Release|Any CPU
		{FA1551B6-3BDF-4B59-A7B4-906B5BAED0EC}.Debug|Any CPU.ActiveCfg = Debug|Any CPU
		{FA1551B6-3BDF-4B59-A7B4-906B5BAED0EC}.Debug|Any CPU.Build.0 = Debug|Any CPU
		{FA1551B6-3BDF-4B59-A7B4-906B5BAED0EC}.Release|Any CPU.ActiveCfg = Release|Any CPU
		{FA1551B6-3BDF-4B59-A7B4-906B5BAED0EC}.Release|Any CPU.Build.0 = Release|Any CPU
		{97C62F71-60C3-4746-9FE9-92071F7CDF78}.Debug|Any CPU.ActiveCfg = Debug|Any CPU
		{97C62F71-60C3-4746-9FE9-92071F7CDF78}.Debug|Any CPU.Build.0 = Debug|Any CPU
		{97C62F71-60C3-4746-9FE9-92071F7CDF78}.Release|Any CPU.ActiveCfg = Release|Any CPU
		{97C62F71-60C3-4746-9FE9-92071F7CDF78}.Release|Any CPU.Build.0 = Release|Any CPU
	EndGlobalSection
	GlobalSection(SolutionProperties) = preSolution
		HideSolutionNode = FALSE
	EndGlobalSection
	GlobalSection(ExtensibilityGlobals) = postSolution
		SolutionGuid = {AD0609A8-FB32-4467-B133-7F016FC15E29}
	EndGlobalSection
EndGlobal
