
Microsoft Visual Studio Solution File, Format Version 12.00
# Visual Studio Version 16
VisualStudioVersion = 16.0.29728.190
MinimumVisualStudioVersion = 10.0.40219.1
Project("{9A19103F-16F7-4668-BE54-9A1E7A4F7556}") = "1. Sort Numbers", "1. Sort Numbers\1. Sort Numbers.csproj", "{B6E025CC-30B8-4A73-8786-C8B0E4F17BAC}"
EndProject
Project("{FAE04EC0-301F-11D3-BF4B-00C04F79EFBC}") = "2. English Name of the Last Digit", "..\2. English Name of the Last Digit\2. English Name of the Last Digit.csproj", "{ACCE67FF-6A48-4B76-A94F-BD38DB7D1E21}"
EndProject
Project("{FAE04EC0-301F-11D3-BF4B-00C04F79EFBC}") = "03. Gaming Store", "..\03. Gaming Store\03. Gaming Store.csproj", "{38FB73FA-233A-42C4-A794-A5B61F3475DD}"
EndProject
Project("{FAE04EC0-301F-11D3-BF4B-00C04F79EFBC}") = "04. Reverse String", "..\04. Reverse String\04. Reverse String.csproj", "{87F85006-B815-48DB-A96E-BE99D02D5AA2}"
EndProject
Global
	GlobalSection(SolutionConfigurationPlatforms) = preSolution
		Debug|Any CPU = Debug|Any CPU
		Release|Any CPU = Release|Any CPU
	EndGlobalSection
	GlobalSection(ProjectConfigurationPlatforms) = postSolution
		{B6E025CC-30B8-4A73-8786-C8B0E4F17BAC}.Debug|Any CPU.ActiveCfg = Debug|Any CPU
		{B6E025CC-30B8-4A73-8786-C8B0E4F17BAC}.Debug|Any CPU.Build.0 = Debug|Any CPU
		{B6E025CC-30B8-4A73-8786-C8B0E4F17BAC}.Release|Any CPU.ActiveCfg = Release|Any CPU
		{B6E025CC-30B8-4A73-8786-C8B0E4F17BAC}.Release|Any CPU.Build.0 = Release|Any CPU
		{ACCE67FF-6A48-4B76-A94F-BD38DB7D1E21}.Debug|Any CPU.ActiveCfg = Debug|Any CPU
		{ACCE67FF-6A48-4B76-A94F-BD38DB7D1E21}.Debug|Any CPU.Build.0 = Debug|Any CPU
		{ACCE67FF-6A48-4B76-A94F-BD38DB7D1E21}.Release|Any CPU.ActiveCfg = Release|Any CPU
		{ACCE67FF-6A48-4B76-A94F-BD38DB7D1E21}.Release|Any CPU.Build.0 = Release|Any CPU
		{38FB73FA-233A-42C4-A794-A5B61F3475DD}.Debug|Any CPU.ActiveCfg = Debug|Any CPU
		{38FB73FA-233A-42C4-A794-A5B61F3475DD}.Debug|Any CPU.Build.0 = Debug|Any CPU
		{38FB73FA-233A-42C4-A794-A5B61F3475DD}.Release|Any CPU.ActiveCfg = Release|Any CPU
		{38FB73FA-233A-42C4-A794-A5B61F3475DD}.Release|Any CPU.Build.0 = Release|Any CPU
		{87F85006-B815-48DB-A96E-BE99D02D5AA2}.Debug|Any CPU.ActiveCfg = Debug|Any CPU
		{87F85006-B815-48DB-A96E-BE99D02D5AA2}.Debug|Any CPU.Build.0 = Debug|Any CPU
		{87F85006-B815-48DB-A96E-BE99D02D5AA2}.Release|Any CPU.ActiveCfg = Release|Any CPU
		{87F85006-B815-48DB-A96E-BE99D02D5AA2}.Release|Any CPU.Build.0 = Release|Any CPU
	EndGlobalSection
	GlobalSection(SolutionProperties) = preSolution
		HideSolutionNode = FALSE
	EndGlobalSection
	GlobalSection(ExtensibilityGlobals) = postSolution
		SolutionGuid = {6F0772C1-0FDB-4FD0-8675-74B899D6C3B0}
	EndGlobalSection
EndGlobal
