
Microsoft Visual Studio Solution File, Format Version 12.00
# Visual Studio Version 16
VisualStudioVersion = 16.0.29728.190
MinimumVisualStudioVersion = 10.0.40219.1
Project("{FAE04EC0-301F-11D3-BF4B-00C04F79EFBC}") = "1. Count Chars in a String", "1. Count Chars in a String\1. Count Chars in a String.csproj", "{1AD6160D-947C-477D-97A3-06F6D379E290}"
EndProject
Project("{FAE04EC0-301F-11D3-BF4B-00C04F79EFBC}") = "2. A Miner Task", "..\2. A Miner Task\2. A Miner Task.csproj", "{86524C4D-569F-48AA-BDFC-5DE4F934E67D}"
EndProject
Project("{FAE04EC0-301F-11D3-BF4B-00C04F79EFBC}") = "03. Legendary Farming", "..\03. Legendary Farming\03. Legendary Farming.csproj", "{8A388417-07F5-42C6-A843-B92E90933327}"
EndProject
Project("{FAE04EC0-301F-11D3-BF4B-00C04F79EFBC}") = "04. Orders", "..\04. Orders\04. Orders.csproj", "{D53E13FA-2C3E-42AD-9FA5-6A5215257ECA}"
EndProject
Global
	GlobalSection(SolutionConfigurationPlatforms) = preSolution
		Debug|Any CPU = Debug|Any CPU
		Release|Any CPU = Release|Any CPU
	EndGlobalSection
	GlobalSection(ProjectConfigurationPlatforms) = postSolution
		{1AD6160D-947C-477D-97A3-06F6D379E290}.Debug|Any CPU.ActiveCfg = Debug|Any CPU
		{1AD6160D-947C-477D-97A3-06F6D379E290}.Debug|Any CPU.Build.0 = Debug|Any CPU
		{1AD6160D-947C-477D-97A3-06F6D379E290}.Release|Any CPU.ActiveCfg = Release|Any CPU
		{1AD6160D-947C-477D-97A3-06F6D379E290}.Release|Any CPU.Build.0 = Release|Any CPU
		{86524C4D-569F-48AA-BDFC-5DE4F934E67D}.Debug|Any CPU.ActiveCfg = Debug|Any CPU
		{86524C4D-569F-48AA-BDFC-5DE4F934E67D}.Debug|Any CPU.Build.0 = Debug|Any CPU
		{86524C4D-569F-48AA-BDFC-5DE4F934E67D}.Release|Any CPU.ActiveCfg = Release|Any CPU
		{86524C4D-569F-48AA-BDFC-5DE4F934E67D}.Release|Any CPU.Build.0 = Release|Any CPU
		{8A388417-07F5-42C6-A843-B92E90933327}.Debug|Any CPU.ActiveCfg = Debug|Any CPU
		{8A388417-07F5-42C6-A843-B92E90933327}.Debug|Any CPU.Build.0 = Debug|Any CPU
		{8A388417-07F5-42C6-A843-B92E90933327}.Release|Any CPU.ActiveCfg = Release|Any CPU
		{8A388417-07F5-42C6-A843-B92E90933327}.Release|Any CPU.Build.0 = Release|Any CPU
		{D53E13FA-2C3E-42AD-9FA5-6A5215257ECA}.Debug|Any CPU.ActiveCfg = Debug|Any CPU
		{D53E13FA-2C3E-42AD-9FA5-6A5215257ECA}.Debug|Any CPU.Build.0 = Debug|Any CPU
		{D53E13FA-2C3E-42AD-9FA5-6A5215257ECA}.Release|Any CPU.ActiveCfg = Release|Any CPU
		{D53E13FA-2C3E-42AD-9FA5-6A5215257ECA}.Release|Any CPU.Build.0 = Release|Any CPU
	EndGlobalSection
	GlobalSection(SolutionProperties) = preSolution
		HideSolutionNode = FALSE
	EndGlobalSection
	GlobalSection(ExtensibilityGlobals) = postSolution
		SolutionGuid = {97A06590-ADA5-40D0-8C2A-781AACF63B0D}
	EndGlobalSection
EndGlobal
